
Microsoft Visual Studio Solution File, Format Version 12.00
# Visual Studio Version 17
VisualStudioVersion = 17.8.34525.116
MinimumVisualStudioVersion = 10.0.40219.1
Project("{9A19103F-16F7-4668-BE54-9A1E7A4F7556}") = "Shop App", "Shop App\Shop App.csproj", "{3D8BBE0F-031A-4B96-9B4D-3E5F093BAB87}"
EndProject
Global
	GlobalSection(SolutionConfigurationPlatforms) = preSolution
		Debug|Any CPU = Debug|Any CPU
		Release|Any CPU = Release|Any CPU
	EndGlobalSection
	GlobalSection(ProjectConfigurationPlatforms) = postSolution
		{3D8BBE0F-031A-4B96-9B4D-3E5F093BAB87}.Debug|Any CPU.ActiveCfg = Debug|Any CPU
		{3D8BBE0F-031A-4B96-9B4D-3E5F093BAB87}.Debug|Any CPU.Build.0 = Debug|Any CPU
		{3D8BBE0F-031A-4B96-9B4D-3E5F093BAB87}.Release|Any CPU.ActiveCfg = Release|Any CPU
		{3D8BBE0F-031A-4B96-9B4D-3E5F093BAB87}.Release|Any CPU.Build.0 = Release|Any CPU
	EndGlobalSection
	GlobalSection(SolutionProperties) = preSolution
		HideSolutionNode = FALSE
	EndGlobalSection
	GlobalSection(ExtensibilityGlobals) = postSolution
		SolutionGuid = {762E5566-B544-4D80-B4CE-4FEB778569FF}
	EndGlobalSection
EndGlobal
